
Microsoft Visual Studio Solution File, Format Version 12.00
# Visual Studio Version 17
VisualStudioVersion = 17.14.36310.24
MinimumVisualStudioVersion = 10.0.40219.1
Project("{FAE04EC0-301F-11D3-BF4B-00C04F79EFBC}") = "NameSorter", "NameSorter\NameSorter.csproj", "{D9441D27-5079-12D9-3D0C-6742FC7DF15E}"
EndProject
Project("{FAE04EC0-301F-11D3-BF4B-00C04F79EFBC}") = "NameSorter.Tests", "NameSorter.Tests\NameSorter.Tests.csproj", "{E49A9249-BC24-171E-5B3D-9FD289D32DE7}"
EndProject
Global
	GlobalSection(SolutionConfigurationPlatforms) = preSolution
		Debug|Any CPU = Debug|Any CPU
		Release|Any CPU = Release|Any CPU
	EndGlobalSection
	GlobalSection(ProjectConfigurationPlatforms) = postSolution
		{D9441D27-5079-12D9-3D0C-6742FC7DF15E}.Debug|Any CPU.ActiveCfg = Debug|Any CPU
		{D9441D27-5079-12D9-3D0C-6742FC7DF15E}.Debug|Any CPU.Build.0 = Debug|Any CPU
		{D9441D27-5079-12D9-3D0C-6742FC7DF15E}.Release|Any CPU.ActiveCfg = Release|Any CPU
		{D9441D27-5079-12D9-3D0C-6742FC7DF15E}.Release|Any CPU.Build.0 = Release|Any CPU
		{E49A9249-BC24-171E-5B3D-9FD289D32DE7}.Debug|Any CPU.ActiveCfg = Debug|Any CPU
		{E49A9249-BC24-171E-5B3D-9FD289D32DE7}.Debug|Any CPU.Build.0 = Debug|Any CPU
		{E49A9249-BC24-171E-5B3D-9FD289D32DE7}.Release|Any CPU.ActiveCfg = Release|Any CPU
		{E49A9249-BC24-171E-5B3D-9FD289D32DE7}.Release|Any CPU.Build.0 = Release|Any CPU
	EndGlobalSection
	GlobalSection(SolutionProperties) = preSolution
		HideSolutionNode = FALSE
	EndGlobalSection
	GlobalSection(ExtensibilityGlobals) = postSolution
		SolutionGuid = {4C1B4D81-F88D-4ED0-B3C7-D6A7B36C1CFC}
	EndGlobalSection
EndGlobal
